
Microsoft Visual Studio Solution File, Format Version 12.00
# Visual Studio Version 17
VisualStudioVersion = 17.14.36327.8 d17.14
MinimumVisualStudioVersion = 10.0.40219.1
Project("{FAE04EC0-301F-11D3-BF4B-00C04F79EFBC}") = "Swimm.API", "Swimm.API\Swimm.API.csproj", "{07BEDBF1-E370-4502-A319-427B99351FDE}"
EndProject
Global
	GlobalSection(SolutionConfigurationPlatforms) = preSolution
		Debug|Any CPU = Debug|Any CPU
		Release|Any CPU = Release|Any CPU
	EndGlobalSection
	GlobalSection(ProjectConfigurationPlatforms) = postSolution
		{07BEDBF1-E370-4502-A319-427B99351FDE}.Debug|Any CPU.ActiveCfg = Debug|Any CPU
		{07BEDBF1-E370-4502-A319-427B99351FDE}.Debug|Any CPU.Build.0 = Debug|Any CPU
		{07BEDBF1-E370-4502-A319-427B99351FDE}.Release|Any CPU.ActiveCfg = Release|Any CPU
		{07BEDBF1-E370-4502-A319-427B99351FDE}.Release|Any CPU.Build.0 = Release|Any CPU
	EndGlobalSection
	GlobalSection(SolutionProperties) = preSolution
		HideSolutionNode = FALSE
	EndGlobalSection
	GlobalSection(ExtensibilityGlobals) = postSolution
		SolutionGuid = {C5CFC2E8-AFBE-46A4-991E-DD536086942C}
	EndGlobalSection
EndGlobal
